<?xml version="1.0" encoding="utf-8"?>
<Project ToolsVersion="4.0" xmlns="http://schemas.microsoft.com/developer/msbuild/2003">
  <ItemGroup>
    <Filter Include="ソース ファイル">
      <UniqueIdentifier>{4FC737F1-C7A5-4376-A066-2A32D752A2FF}</UniqueIdentifier>
      <Extensions>cpp;c;cc;cxx;c++;cppm;ixx;def;odl;idl;hpj;bat;asm;asmx</Extensions>
    </Filter>
    <Filter Include="ヘッダー ファイル">
      <UniqueIdentifier>{93995380-89BD-4b04-88EB-625FBE52EBFB}</UniqueIdentifier>
      <Extensions>h;hh;hpp;hxx;h++;hm;inl;inc;ipp;xsd</Extensions>
    </Filter>
    <Filter Include="リソース ファイル">
      <UniqueIdentifier>{67DA6AB6-F800-4c08-8B7A-83BB121AAD01}</UniqueIdentifier>
      <Extensions>rc;ico;cur;bmp;dlg;rc2;rct;bin;rgs;gif;jpg;jpeg;jpe;resx;tiff;tif;png;wav;mfcribbon-ms</Extensions>
    </Filter>
    <Filter Include="resources">
      <UniqueIdentifier>{f0d5f36b-c9e2-4434-bca4-8189c4f6846d}</UniqueIdentifier>
    </Filter>
    <Filter Include="resources\textures">
      <UniqueIdentifier>{717565f8-a467-4997-a4b9-021c9fec4476}</UniqueIdentifier>
    </Filter>
    <Filter Include="resources\models">
      <UniqueIdentifier>{10066a33-9237-4aec-b54e-aeec016a8de5}</UniqueIdentifier>
    </Filter>
    <Filter Include="SEED">
      <UniqueIdentifier>{ead20b62-9310-4c4b-9676-0bf0aeaf9e90}</UniqueIdentifier>
    </Filter>
    <Filter Include="SEED\lib">
      <UniqueIdentifier>{7b477ce5-b604-4e96-b38d-24e2d379bcf0}</UniqueIdentifier>
    </Filter>
    <Filter Include="SEED\lib\tensor">
      <UniqueIdentifier>{6a0a6c9f-120a-4aff-a000-81856815ed71}</UniqueIdentifier>
    </Filter>
    <Filter Include="SEED\lib\shapes">
      <UniqueIdentifier>{74ffae1b-3cbd-4e90-9989-65bc54c7551a}</UniqueIdentifier>
    </Filter>
    <Filter Include="SEED\lib\math">
      <UniqueIdentifier>{e009fd37-28ae-4765-845e-24387f0e520e}</UniqueIdentifier>
    </Filter>
    <Filter Include="SEED\lib\math\myFunc">
      <UniqueIdentifier>{96a31085-481c-4209-99c1-44c680f16de7}</UniqueIdentifier>
    </Filter>
    <Filter Include="SEED\lib\structs">
      <UniqueIdentifier>{dfb0181f-50e4-40ce-89a8-2dc99677b813}</UniqueIdentifier>
    </Filter>
    <Filter Include="SEED\lib\includes">
      <UniqueIdentifier>{d6a1d27f-323b-4a84-80a7-1ce73f7769a6}</UniqueIdentifier>
    </Filter>
    <Filter Include="SEED\external">
      <UniqueIdentifier>{4cdf9d26-762a-4d9c-837c-121e7769fc55}</UniqueIdentifier>
    </Filter>
    <Filter Include="SEED\external\imgui">
      <UniqueIdentifier>{00117a55-8320-4748-92f5-3ae1acc6a3ad}</UniqueIdentifier>
    </Filter>
    <Filter Include="SEED\external\DirectXTex">
      <UniqueIdentifier>{e0c3b7d0-227d-4b76-ac99-59b41b1e2347}</UniqueIdentifier>
    </Filter>
    <Filter Include="SEED\source">
      <UniqueIdentifier>{04879772-7791-493a-9177-6c99d3139b74}</UniqueIdentifier>
    </Filter>
    <Filter Include="SEED\source\Manager">
      <UniqueIdentifier>{81b88d78-d558-4fa4-9e79-3fe70b444879}</UniqueIdentifier>
    </Filter>
    <Filter Include="SEED\source\Manager\DxManager">
      <UniqueIdentifier>{3dc1bc62-8a75-4374-a815-e6432472a1f2}</UniqueIdentifier>
    </Filter>
    <Filter Include="SEED\source\Manager\ImGuiManager">
      <UniqueIdentifier>{25a5a1ab-065f-4550-a2a1-f604f381f857}</UniqueIdentifier>
    </Filter>
    <Filter Include="SEED\source\Manager\WindowManager">
      <UniqueIdentifier>{879db3e0-c7fb-4a46-8dfd-209567c0292d}</UniqueIdentifier>
    </Filter>
  </ItemGroup>
  <ItemGroup>
    <ClCompile Include="main.cpp">
      <Filter>ソース ファイル</Filter>
    </ClCompile>
    <ClCompile Include="SEED\lib\math\myFunc\matrixFunc.cpp">
      <Filter>SEED\lib\math\myFunc</Filter>
    </ClCompile>
    <ClCompile Include="SEED\lib\math\myFunc\myFunc.cpp">
      <Filter>SEED\lib\math\myFunc</Filter>
    </ClCompile>
    <ClCompile Include="SEED\lib\shapes\sphere.cpp">
      <Filter>SEED\lib\shapes</Filter>
    </ClCompile>
    <ClCompile Include="SEED\external\imgui\imgui.cpp">
      <Filter>SEED\external\imgui</Filter>
    </ClCompile>
    <ClCompile Include="SEED\external\imgui\imgui_demo.cpp">
      <Filter>SEED\external\imgui</Filter>
    </ClCompile>
    <ClCompile Include="SEED\external\imgui\imgui_draw.cpp">
      <Filter>SEED\external\imgui</Filter>
    </ClCompile>
    <ClCompile Include="SEED\external\imgui\imgui_impl_dx12.cpp">
      <Filter>SEED\external\imgui</Filter>
    </ClCompile>
    <ClCompile Include="SEED\external\imgui\imgui_impl_win32.cpp">
      <Filter>SEED\external\imgui</Filter>
    </ClCompile>
    <ClCompile Include="SEED\external\imgui\imgui_tables.cpp">
      <Filter>SEED\external\imgui</Filter>
    </ClCompile>
    <ClCompile Include="SEED\external\imgui\imgui_widgets.cpp">
      <Filter>SEED\external\imgui</Filter>
    </ClCompile>
    <ClCompile Include="SEED\source\SEED.cpp">
      <Filter>SEED\source</Filter>
    </ClCompile>
    <ClCompile Include="SEED\source\Manager\DxManager\DxManager.cpp">
      <Filter>SEED\source\Manager\DxManager</Filter>
    </ClCompile>
    <ClCompile Include="SEED\source\Manager\ImGuiManager\ImGuiManager.cpp">
      <Filter>SEED\source\Manager\ImGuiManager</Filter>
    </ClCompile>
    <ClCompile Include="SEED\source\Manager\WindowManager\WindowManager.cpp">
      <Filter>SEED\source\Manager\WindowManager</Filter>
    </ClCompile>
    <ClCompile Include="SEED\source\Manager\DxManager\PSOManager.cpp">
      <Filter>SEED\source\Manager\DxManager</Filter>
    </ClCompile>
    <ClCompile Include="SEED\source\Manager\DxManager\PolygonManager.cpp">
      <Filter>SEED\source\Manager\DxManager</Filter>
    </ClCompile>
  </ItemGroup>
  <ItemGroup>
    <ClInclude Include="SEED\lib\includes\include_matrixes.h">
      <Filter>SEED\lib\includes</Filter>
    </ClInclude>
    <ClInclude Include="SEED\lib\includes\include_shapes.h">
      <Filter>SEED\lib\includes</Filter>
    </ClInclude>
    <ClInclude Include="SEED\lib\includes\include_tensors.h">
      <Filter>SEED\lib\includes</Filter>
    </ClInclude>
    <ClInclude Include="SEED\lib\includes\include_vectors.h">
      <Filter>SEED\lib\includes</Filter>
    </ClInclude>
    <ClInclude Include="SEED\lib\includes\includes.h">
      <Filter>SEED\lib\includes</Filter>
    </ClInclude>
    <ClInclude Include="SEED\lib\math\myFunc\matrixFunc.h">
      <Filter>SEED\lib\math\myFunc</Filter>
    </ClInclude>
    <ClInclude Include="SEED\lib\math\myFunc\myFunc.h">
      <Filter>SEED\lib\math\myFunc</Filter>
    </ClInclude>
    <ClInclude Include="SEED\lib\shapes\sphere.h">
      <Filter>SEED\lib\shapes</Filter>
    </ClInclude>
    <ClInclude Include="SEED\lib\structs\DirectionalLight.h">
      <Filter>SEED\lib\structs</Filter>
    </ClInclude>
    <ClInclude Include="SEED\lib\structs\Material.h">
      <Filter>SEED\lib\structs</Filter>
    </ClInclude>
    <ClInclude Include="SEED\lib\structs\modelData.h">
      <Filter>SEED\lib\structs</Filter>
    </ClInclude>
    <ClInclude Include="SEED\lib\structs\Transform.h">
      <Filter>SEED\lib\structs</Filter>
    </ClInclude>
    <ClInclude Include="SEED\lib\structs\VertexData.h">
      <Filter>SEED\lib\structs</Filter>
    </ClInclude>
    <ClInclude Include="SEED\lib\tensor\Matrix2x2.h">
      <Filter>SEED\lib\tensor</Filter>
    </ClInclude>
    <ClInclude Include="SEED\lib\tensor\Matrix3x3.h">
      <Filter>SEED\lib\tensor</Filter>
    </ClInclude>
    <ClInclude Include="SEED\lib\tensor\Matrix4x4.h">
      <Filter>SEED\lib\tensor</Filter>
    </ClInclude>
    <ClInclude Include="SEED\lib\tensor\Vector2.h">
      <Filter>SEED\lib\tensor</Filter>
    </ClInclude>
    <ClInclude Include="SEED\lib\tensor\Vector3.h">
      <Filter>SEED\lib\tensor</Filter>
    </ClInclude>
    <ClInclude Include="SEED\lib\tensor\Vector4.h">
      <Filter>SEED\lib\tensor</Filter>
    </ClInclude>
    <ClInclude Include="SEED\external\imgui\imconfig.h">
      <Filter>SEED\external\imgui</Filter>
    </ClInclude>
    <ClInclude Include="SEED\external\imgui\imgui.h">
      <Filter>SEED\external\imgui</Filter>
    </ClInclude>
    <ClInclude Include="SEED\external\imgui\imgui_impl_dx12.h">
      <Filter>SEED\external\imgui</Filter>
    </ClInclude>
    <ClInclude Include="SEED\external\imgui\imgui_impl_win32.h">
      <Filter>SEED\external\imgui</Filter>
    </ClInclude>
    <ClInclude Include="SEED\external\imgui\imgui_internal.h">
      <Filter>SEED\external\imgui</Filter>
    </ClInclude>
    <ClInclude Include="SEED\external\imgui\imstb_rectpack.h">
      <Filter>SEED\external\imgui</Filter>
    </ClInclude>
    <ClInclude Include="SEED\external\imgui\imstb_textedit.h">
      <Filter>SEED\external\imgui</Filter>
    </ClInclude>
    <ClInclude Include="SEED\external\imgui\imstb_truetype.h">
      <Filter>SEED\external\imgui</Filter>
    </ClInclude>
    <ClInclude Include="SEED\source\SEED.h">
      <Filter>SEED\source</Filter>
    </ClInclude>
    <ClInclude Include="SEED\source\Manager\DxManager\DxManager.h">
      <Filter>SEED\source\Manager\DxManager</Filter>
    </ClInclude>
    <ClInclude Include="SEED\source\Manager\ImGuiManager\ImGuiManager.h">
      <Filter>SEED\source\Manager\ImGuiManager</Filter>
    </ClInclude>
    <ClInclude Include="SEED\source\Manager\WindowManager\WindowManager.h">
      <Filter>SEED\source\Manager\WindowManager</Filter>
    </ClInclude>
    <ClInclude Include="SEED\source\Manager\DxManager\PSOManager.h">
      <Filter>SEED\source\Manager\DxManager</Filter>
    </ClInclude>
    <ClInclude Include="SEED\source\Manager\DxManager\PolygonManager.h">
      <Filter>SEED\source\Manager\DxManager</Filter>
    </ClInclude>
  </ItemGroup>
  <ItemGroup>
    <FxCompile Include="Object3d.VS.hlsl" />
    <FxCompile Include="Object3d.PS.hlsl" />
  </ItemGroup>
  <ItemGroup>
    <None Include="Object3D.hlsli" />
  </ItemGroup>
  <ItemGroup>
    <Text Include="SEED\external\imgui\LICENSE.txt">
      <Filter>SEED\external\imgui</Filter>
    </Text>
  </ItemGroup>
</Project>