<?xml version="1.0" encoding="utf-8"?>
<Project ToolsVersion="4.0" xmlns="http://schemas.microsoft.com/developer/msbuild/2003">
  <ItemGroup>
    <Filter Include="ソース ファイル">
      <UniqueIdentifier>{4FC737F1-C7A5-4376-A066-2A32D752A2FF}</UniqueIdentifier>
      <Extensions>cpp;c;cc;cxx;c++;cppm;ixx;def;odl;idl;hpj;bat;asm;asmx</Extensions>
    </Filter>
    <Filter Include="ヘッダー ファイル">
      <UniqueIdentifier>{93995380-89BD-4b04-88EB-625FBE52EBFB}</UniqueIdentifier>
      <Extensions>h;hh;hpp;hxx;h++;hm;inl;inc;ipp;xsd</Extensions>
    </Filter>
    <Filter Include="リソース ファイル">
      <UniqueIdentifier>{67DA6AB6-F800-4c08-8B7A-83BB121AAD01}</UniqueIdentifier>
      <Extensions>rc;ico;cur;bmp;dlg;rc2;rct;bin;rgs;gif;jpg;jpeg;jpe;resx;tiff;tif;png;wav;mfcribbon-ms</Extensions>
    </Filter>
    <Filter Include="math">
      <UniqueIdentifier>{7b477ce5-b604-4e96-b38d-24e2d379bcf0}</UniqueIdentifier>
    </Filter>
    <Filter Include="math\myFunc">
      <UniqueIdentifier>{96a31085-481c-4209-99c1-44c680f16de7}</UniqueIdentifier>
    </Filter>
    <Filter Include="math\tensor">
      <UniqueIdentifier>{6a0a6c9f-120a-4aff-a000-81856815ed71}</UniqueIdentifier>
    </Filter>
    <Filter Include="external">
      <UniqueIdentifier>{4cdf9d26-762a-4d9c-837c-121e7769fc55}</UniqueIdentifier>
    </Filter>
    <Filter Include="external\imgui">
      <UniqueIdentifier>{00117a55-8320-4748-92f5-3ae1acc6a3ad}</UniqueIdentifier>
    </Filter>
    <Filter Include="external\DirectXTex">
      <UniqueIdentifier>{e0c3b7d0-227d-4b76-ac99-59b41b1e2347}</UniqueIdentifier>
    </Filter>
    <Filter Include="resources">
      <UniqueIdentifier>{f0d5f36b-c9e2-4434-bca4-8189c4f6846d}</UniqueIdentifier>
    </Filter>
    <Filter Include="resources\textures">
      <UniqueIdentifier>{717565f8-a467-4997-a4b9-021c9fec4476}</UniqueIdentifier>
    </Filter>
  </ItemGroup>
  <ItemGroup>
    <ClCompile Include="main.cpp">
      <Filter>ソース ファイル</Filter>
    </ClCompile>
    <ClCompile Include="myFunc.cpp">
      <Filter>math\myFunc</Filter>
    </ClCompile>
    <ClCompile Include="matrixFunc.cpp">
      <Filter>math\myFunc</Filter>
    </ClCompile>
    <ClCompile Include="external\imgui\imgui.cpp">
      <Filter>external\imgui</Filter>
    </ClCompile>
    <ClCompile Include="external\imgui\imgui_demo.cpp">
      <Filter>external\imgui</Filter>
    </ClCompile>
    <ClCompile Include="external\imgui\imgui_draw.cpp">
      <Filter>external\imgui</Filter>
    </ClCompile>
    <ClCompile Include="external\imgui\imgui_impl_dx12.cpp">
      <Filter>external\imgui</Filter>
    </ClCompile>
    <ClCompile Include="external\imgui\imgui_impl_win32.cpp">
      <Filter>external\imgui</Filter>
    </ClCompile>
    <ClCompile Include="external\imgui\imgui_tables.cpp">
      <Filter>external\imgui</Filter>
    </ClCompile>
    <ClCompile Include="external\imgui\imgui_widgets.cpp">
      <Filter>external\imgui</Filter>
    </ClCompile>
  </ItemGroup>
  <ItemGroup>
    <ClInclude Include="myFunc.h">
      <Filter>math\myFunc</Filter>
    </ClInclude>
    <ClInclude Include="Vector4.h">
      <Filter>math\tensor</Filter>
    </ClInclude>
    <ClInclude Include="math\tensor\Matrix4x4.h">
      <Filter>math\tensor</Filter>
    </ClInclude>
    <ClInclude Include="math\tensor\Matrix2x2.h">
      <Filter>math\tensor</Filter>
    </ClInclude>
    <ClInclude Include="math\tensor\Matrix3x3.h">
      <Filter>math\tensor</Filter>
    </ClInclude>
    <ClInclude Include="math\tensor\Vector2.h">
      <Filter>math\tensor</Filter>
    </ClInclude>
    <ClInclude Include="math\tensor\Vector3.h">
      <Filter>math\tensor</Filter>
    </ClInclude>
    <ClInclude Include="matrixFunc.h">
      <Filter>math\myFunc</Filter>
    </ClInclude>
    <ClInclude Include="external\imgui\imconfig.h">
      <Filter>external\imgui</Filter>
    </ClInclude>
    <ClInclude Include="external\imgui\imgui.h">
      <Filter>external\imgui</Filter>
    </ClInclude>
    <ClInclude Include="external\imgui\imgui_impl_dx12.h">
      <Filter>external\imgui</Filter>
    </ClInclude>
    <ClInclude Include="external\imgui\imgui_impl_win32.h">
      <Filter>external\imgui</Filter>
    </ClInclude>
    <ClInclude Include="external\imgui\imgui_internal.h">
      <Filter>external\imgui</Filter>
    </ClInclude>
    <ClInclude Include="external\imgui\imstb_rectpack.h">
      <Filter>external\imgui</Filter>
    </ClInclude>
    <ClInclude Include="external\imgui\imstb_textedit.h">
      <Filter>external\imgui</Filter>
    </ClInclude>
    <ClInclude Include="external\imgui\imstb_truetype.h">
      <Filter>external\imgui</Filter>
    </ClInclude>
  </ItemGroup>
  <ItemGroup>
    <FxCompile Include="Object3d.VS.hlsl" />
    <FxCompile Include="Object3d.PS.hlsl" />
  </ItemGroup>
  <ItemGroup>
    <Text Include="external\imgui\LICENSE.txt">
      <Filter>external\imgui</Filter>
    </Text>
  </ItemGroup>
  <ItemGroup>
    <None Include="Object3D.hlsli" />
  </ItemGroup>
</Project>